// !$*UTF8*$!
{
	archiveVersion = 1;
	classes = {
	};
	objectVersion = 51;
	objects = {

/* Begin PBXBuildFile section */
		4992F20CF11292CFCB7BF25E /* Pods_pruebaCeiba.framework in Frameworks */ = {isa = PBXBuildFile; fileRef = 9D0FBEA399EADFE297F10E50 /* Pods_pruebaCeiba.framework */; };
		88AE6CAC254C9BDE003E79A2 /* pruebaCeiba.xcdatamodeld in Sources */ = {isa = PBXBuildFile; fileRef = 88C932F9254C84AC0083AA61 /* pruebaCeiba.xcdatamodeld */; };
		88AE6CE7254CA0BA003E79A2 /* UsersRouter.swift in Sources */ = {isa = PBXBuildFile; fileRef = 88AE6CE6254CA0BA003E79A2 /* UsersRouter.swift */; };
		88AE6CF6254CA2EB003E79A2 /* UsersTableViewCell.swift in Sources */ = {isa = PBXBuildFile; fileRef = 88AE6CF5254CA2EB003E79A2 /* UsersTableViewCell.swift */; };
		88C932F1254C84AC0083AA61 /* AppDelegate.swift in Sources */ = {isa = PBXBuildFile; fileRef = 88C932F0254C84AC0083AA61 /* AppDelegate.swift */; };
		88C932FD254C84AD0083AA61 /* Assets.xcassets in Resources */ = {isa = PBXBuildFile; fileRef = 88C932FC254C84AD0083AA61 /* Assets.xcassets */; };
		88C93300254C84AD0083AA61 /* LaunchScreen.storyboard in Resources */ = {isa = PBXBuildFile; fileRef = 88C932FE254C84AD0083AA61 /* LaunchScreen.storyboard */; };
		88C9330B254C84AD0083AA61 /* pruebaCeibaTests.swift in Sources */ = {isa = PBXBuildFile; fileRef = 88C9330A254C84AD0083AA61 /* pruebaCeibaTests.swift */; };
		88C93316254C84AD0083AA61 /* pruebaCeibaUITests.swift in Sources */ = {isa = PBXBuildFile; fileRef = 88C93315254C84AD0083AA61 /* pruebaCeibaUITests.swift */; };
		88C9332C254C87F10083AA61 /* UIViewController.swift in Sources */ = {isa = PBXBuildFile; fileRef = 88C9332B254C87F10083AA61 /* UIViewController.swift */; };
		88C93343254C8BBF0083AA61 /* Users.storyboard in Resources */ = {isa = PBXBuildFile; fileRef = 88C93342254C8BBF0083AA61 /* Users.storyboard */; };
		88C93348254C91680083AA61 /* UsersViewController.swift in Sources */ = {isa = PBXBuildFile; fileRef = 88C93347254C91680083AA61 /* UsersViewController.swift */; };
		88C9334E254C91B40083AA61 /* UsersViewModel.swift in Sources */ = {isa = PBXBuildFile; fileRef = 88C9334D254C91B40083AA61 /* UsersViewModel.swift */; };
		88C9335D254C932C0083AA61 /* CoreDataManager.swift in Sources */ = {isa = PBXBuildFile; fileRef = 88C93356254C932C0083AA61 /* CoreDataManager.swift */; };
		88C9335E254C932C0083AA61 /* Services.swift in Sources */ = {isa = PBXBuildFile; fileRef = 88C93358254C932C0083AA61 /* Services.swift */; };
		88C9335F254C932C0083AA61 /* EndPoints.swift in Sources */ = {isa = PBXBuildFile; fileRef = 88C9335A254C932C0083AA61 /* EndPoints.swift */; };
		88C93360254C932C0083AA61 /* PostModel.swift in Sources */ = {isa = PBXBuildFile; fileRef = 88C9335C254C932C0083AA61 /* PostModel.swift */; };
		88E6C62D2550F3EC00A71719 /* UserModel.swift in Sources */ = {isa = PBXBuildFile; fileRef = 88E6C62C2550F3EC00A71719 /* UserModel.swift */; };
		88E6C63925510A1A00A71719 /* PostViewModel.swift in Sources */ = {isa = PBXBuildFile; fileRef = 88E6C63325510A1A00A71719 /* PostViewModel.swift */; };
		88E6C63A25510A1A00A71719 /* Post.storyboard in Resources */ = {isa = PBXBuildFile; fileRef = 88E6C63525510A1A00A71719 /* Post.storyboard */; };
		88E6C63B25510A1A00A71719 /* PostViewController.swift in Sources */ = {isa = PBXBuildFile; fileRef = 88E6C63625510A1A00A71719 /* PostViewController.swift */; };
		88E6C63C25510A1A00A71719 /* PostRouter.swift in Sources */ = {isa = PBXBuildFile; fileRef = 88E6C63825510A1A00A71719 /* PostRouter.swift */; };
		88E6C64E25510C8300A71719 /* PostCollectionViewCell.swift in Sources */ = {isa = PBXBuildFile; fileRef = 88E6C64C25510C8300A71719 /* PostCollectionViewCell.swift */; };
		88E6C64F25510C8300A71719 /* PostCollectionViewCell.xib in Resources */ = {isa = PBXBuildFile; fileRef = 88E6C64D25510C8300A71719 /* PostCollectionViewCell.xib */; };
		AF1C8D827A33D80B096DC22A /* Pods_pruebaCeiba_pruebaCeibaUITests.framework in Frameworks */ = {isa = PBXBuildFile; fileRef = 60D51E70DE72A7FBF70C0BC7 /* Pods_pruebaCeiba_pruebaCeibaUITests.framework */; };
		C9EAF9C3129D69AEFA9AF45E /* Pods_pruebaCeibaTests.framework in Frameworks */ = {isa = PBXBuildFile; fileRef = C553E960855E5BD9756F2CE4 /* Pods_pruebaCeibaTests.framework */; };
/* End PBXBuildFile section */

/* Begin PBXContainerItemProxy section */
		88C93307254C84AD0083AA61 /* PBXContainerItemProxy */ = {
			isa = PBXContainerItemProxy;
			containerPortal = 88C932E5254C84AC0083AA61 /* Project object */;
			proxyType = 1;
			remoteGlobalIDString = 88C932EC254C84AC0083AA61;
			remoteInfo = pruebaCeiba;
		};
		88C93312254C84AD0083AA61 /* PBXContainerItemProxy */ = {
			isa = PBXContainerItemProxy;
			containerPortal = 88C932E5254C84AC0083AA61 /* Project object */;
			proxyType = 1;
			remoteGlobalIDString = 88C932EC254C84AC0083AA61;
			remoteInfo = pruebaCeiba;
		};
/* End PBXContainerItemProxy section */

/* Begin PBXFileReference section */
		149401A484A773B8ED7A8858 /* Pods-pruebaCeibaTests.release.xcconfig */ = {isa = PBXFileReference; includeInIndex = 1; lastKnownFileType = text.xcconfig; name = "Pods-pruebaCeibaTests.release.xcconfig"; path = "Target Support Files/Pods-pruebaCeibaTests/Pods-pruebaCeibaTests.release.xcconfig"; sourceTree = "<group>"; };
		43D0675F349E3526BD1F6C8F /* Pods-pruebaCeiba-pruebaCeibaUITests.release.xcconfig */ = {isa = PBXFileReference; includeInIndex = 1; lastKnownFileType = text.xcconfig; name = "Pods-pruebaCeiba-pruebaCeibaUITests.release.xcconfig"; path = "Target Support Files/Pods-pruebaCeiba-pruebaCeibaUITests/Pods-pruebaCeiba-pruebaCeibaUITests.release.xcconfig"; sourceTree = "<group>"; };
		5A25BCB98333A212EB32EE74 /* Pods-pruebaCeibaTests.debug.xcconfig */ = {isa = PBXFileReference; includeInIndex = 1; lastKnownFileType = text.xcconfig; name = "Pods-pruebaCeibaTests.debug.xcconfig"; path = "Target Support Files/Pods-pruebaCeibaTests/Pods-pruebaCeibaTests.debug.xcconfig"; sourceTree = "<group>"; };
		5E02101EC541BB156ADD7F21 /* Pods-pruebaCeiba.debug.xcconfig */ = {isa = PBXFileReference; includeInIndex = 1; lastKnownFileType = text.xcconfig; name = "Pods-pruebaCeiba.debug.xcconfig"; path = "Target Support Files/Pods-pruebaCeiba/Pods-pruebaCeiba.debug.xcconfig"; sourceTree = "<group>"; };
		60D51E70DE72A7FBF70C0BC7 /* Pods_pruebaCeiba_pruebaCeibaUITests.framework */ = {isa = PBXFileReference; explicitFileType = wrapper.framework; includeInIndex = 0; path = Pods_pruebaCeiba_pruebaCeibaUITests.framework; sourceTree = BUILT_PRODUCTS_DIR; };
		88AE6CBD254C9C29003E79A2 /* User+CoreDataProperties.swift */ = {isa = PBXFileReference; lastKnownFileType = sourcecode.swift; path = "User+CoreDataProperties.swift"; sourceTree = "<group>"; };
		88AE6CBF254C9C29003E79A2 /* Post+CoreDataProperties.swift */ = {isa = PBXFileReference; lastKnownFileType = sourcecode.swift; path = "Post+CoreDataProperties.swift"; sourceTree = "<group>"; };
		88AE6CE6254CA0BA003E79A2 /* UsersRouter.swift */ = {isa = PBXFileReference; lastKnownFileType = sourcecode.swift; path = UsersRouter.swift; sourceTree = "<group>"; };
		88AE6CF5254CA2EB003E79A2 /* UsersTableViewCell.swift */ = {isa = PBXFileReference; lastKnownFileType = sourcecode.swift; path = UsersTableViewCell.swift; sourceTree = "<group>"; };
		88C932ED254C84AC0083AA61 /* pruebaCeiba.app */ = {isa = PBXFileReference; explicitFileType = wrapper.application; includeInIndex = 0; path = pruebaCeiba.app; sourceTree = BUILT_PRODUCTS_DIR; };
		88C932F0254C84AC0083AA61 /* AppDelegate.swift */ = {isa = PBXFileReference; lastKnownFileType = sourcecode.swift; path = AppDelegate.swift; sourceTree = "<group>"; };
		88C932FA254C84AC0083AA61 /* pruebaCeiba.xcdatamodel */ = {isa = PBXFileReference; lastKnownFileType = wrapper.xcdatamodel; path = pruebaCeiba.xcdatamodel; sourceTree = "<group>"; };
		88C932FC254C84AD0083AA61 /* Assets.xcassets */ = {isa = PBXFileReference; lastKnownFileType = folder.assetcatalog; path = Assets.xcassets; sourceTree = "<group>"; };
		88C932FF254C84AD0083AA61 /* Base */ = {isa = PBXFileReference; lastKnownFileType = file.storyboard; name = Base; path = Base.lproj/LaunchScreen.storyboard; sourceTree = "<group>"; };
		88C93301254C84AD0083AA61 /* Info.plist */ = {isa = PBXFileReference; lastKnownFileType = text.plist.xml; path = Info.plist; sourceTree = "<group>"; };
		88C93306254C84AD0083AA61 /* pruebaCeibaTests.xctest */ = {isa = PBXFileReference; explicitFileType = wrapper.cfbundle; includeInIndex = 0; path = pruebaCeibaTests.xctest; sourceTree = BUILT_PRODUCTS_DIR; };
		88C9330A254C84AD0083AA61 /* pruebaCeibaTests.swift */ = {isa = PBXFileReference; lastKnownFileType = sourcecode.swift; path = pruebaCeibaTests.swift; sourceTree = "<group>"; };
		88C9330C254C84AD0083AA61 /* Info.plist */ = {isa = PBXFileReference; lastKnownFileType = text.plist.xml; path = Info.plist; sourceTree = "<group>"; };
		88C93311254C84AD0083AA61 /* pruebaCeibaUITests.xctest */ = {isa = PBXFileReference; explicitFileType = wrapper.cfbundle; includeInIndex = 0; path = pruebaCeibaUITests.xctest; sourceTree = BUILT_PRODUCTS_DIR; };
		88C93315254C84AD0083AA61 /* pruebaCeibaUITests.swift */ = {isa = PBXFileReference; lastKnownFileType = sourcecode.swift; path = pruebaCeibaUITests.swift; sourceTree = "<group>"; };
		88C93317254C84AD0083AA61 /* Info.plist */ = {isa = PBXFileReference; lastKnownFileType = text.plist.xml; path = Info.plist; sourceTree = "<group>"; };
		88C9332B254C87F10083AA61 /* UIViewController.swift */ = {isa = PBXFileReference; lastKnownFileType = sourcecode.swift; path = UIViewController.swift; sourceTree = "<group>"; };
		88C93342254C8BBF0083AA61 /* Users.storyboard */ = {isa = PBXFileReference; lastKnownFileType = file.storyboard; path = Users.storyboard; sourceTree = "<group>"; };
		88C93347254C91680083AA61 /* UsersViewController.swift */ = {isa = PBXFileReference; lastKnownFileType = sourcecode.swift; path = UsersViewController.swift; sourceTree = "<group>"; };
		88C9334D254C91B40083AA61 /* UsersViewModel.swift */ = {isa = PBXFileReference; lastKnownFileType = sourcecode.swift; path = UsersViewModel.swift; sourceTree = "<group>"; };
		88C93356254C932C0083AA61 /* CoreDataManager.swift */ = {isa = PBXFileReference; fileEncoding = 4; lastKnownFileType = sourcecode.swift; path = CoreDataManager.swift; sourceTree = "<group>"; };
		88C93358254C932C0083AA61 /* Services.swift */ = {isa = PBXFileReference; fileEncoding = 4; lastKnownFileType = sourcecode.swift; path = Services.swift; sourceTree = "<group>"; };
		88C9335A254C932C0083AA61 /* EndPoints.swift */ = {isa = PBXFileReference; fileEncoding = 4; lastKnownFileType = sourcecode.swift; path = EndPoints.swift; sourceTree = "<group>"; };
		88C9335C254C932C0083AA61 /* PostModel.swift */ = {isa = PBXFileReference; fileEncoding = 4; lastKnownFileType = sourcecode.swift; path = PostModel.swift; sourceTree = "<group>"; };
		88E6C62C2550F3EC00A71719 /* UserModel.swift */ = {isa = PBXFileReference; lastKnownFileType = sourcecode.swift; path = UserModel.swift; sourceTree = "<group>"; };
		88E6C63325510A1A00A71719 /* PostViewModel.swift */ = {isa = PBXFileReference; fileEncoding = 4; lastKnownFileType = sourcecode.swift; path = PostViewModel.swift; sourceTree = "<group>"; };
		88E6C63525510A1A00A71719 /* Post.storyboard */ = {isa = PBXFileReference; fileEncoding = 4; lastKnownFileType = file.storyboard; path = Post.storyboard; sourceTree = "<group>"; };
		88E6C63625510A1A00A71719 /* PostViewController.swift */ = {isa = PBXFileReference; fileEncoding = 4; lastKnownFileType = sourcecode.swift; path = PostViewController.swift; sourceTree = "<group>"; };
		88E6C63825510A1A00A71719 /* PostRouter.swift */ = {isa = PBXFileReference; fileEncoding = 4; lastKnownFileType = sourcecode.swift; path = PostRouter.swift; sourceTree = "<group>"; };
		88E6C64C25510C8300A71719 /* PostCollectionViewCell.swift */ = {isa = PBXFileReference; fileEncoding = 4; lastKnownFileType = sourcecode.swift; path = PostCollectionViewCell.swift; sourceTree = "<group>"; };
		88E6C64D25510C8300A71719 /* PostCollectionViewCell.xib */ = {isa = PBXFileReference; fileEncoding = 4; lastKnownFileType = file.xib; path = PostCollectionViewCell.xib; sourceTree = "<group>"; };
		9D0FBEA399EADFE297F10E50 /* Pods_pruebaCeiba.framework */ = {isa = PBXFileReference; explicitFileType = wrapper.framework; includeInIndex = 0; path = Pods_pruebaCeiba.framework; sourceTree = BUILT_PRODUCTS_DIR; };
		B826FDEDD7E7163C69499863 /* Pods-pruebaCeiba-pruebaCeibaUITests.debug.xcconfig */ = {isa = PBXFileReference; includeInIndex = 1; lastKnownFileType = text.xcconfig; name = "Pods-pruebaCeiba-pruebaCeibaUITests.debug.xcconfig"; path = "Target Support Files/Pods-pruebaCeiba-pruebaCeibaUITests/Pods-pruebaCeiba-pruebaCeibaUITests.debug.xcconfig"; sourceTree = "<group>"; };
		C553E960855E5BD9756F2CE4 /* Pods_pruebaCeibaTests.framework */ = {isa = PBXFileReference; explicitFileType = wrapper.framework; includeInIndex = 0; path = Pods_pruebaCeibaTests.framework; sourceTree = BUILT_PRODUCTS_DIR; };
		EB70EE6B9C5BF066DFBDF698 /* Pods-pruebaCeiba.release.xcconfig */ = {isa = PBXFileReference; includeInIndex = 1; lastKnownFileType = text.xcconfig; name = "Pods-pruebaCeiba.release.xcconfig"; path = "Target Support Files/Pods-pruebaCeiba/Pods-pruebaCeiba.release.xcconfig"; sourceTree = "<group>"; };
/* End PBXFileReference section */

/* Begin PBXFrameworksBuildPhase section */
		88C932EA254C84AC0083AA61 /* Frameworks */ = {
			isa = PBXFrameworksBuildPhase;
			buildActionMask = 2147483647;
			files = (
				4992F20CF11292CFCB7BF25E /* Pods_pruebaCeiba.framework in Frameworks */,
			);
			runOnlyForDeploymentPostprocessing = 0;
		};
		88C93303254C84AD0083AA61 /* Frameworks */ = {
			isa = PBXFrameworksBuildPhase;
			buildActionMask = 2147483647;
			files = (
				C9EAF9C3129D69AEFA9AF45E /* Pods_pruebaCeibaTests.framework in Frameworks */,
			);
			runOnlyForDeploymentPostprocessing = 0;
		};
		88C9330E254C84AD0083AA61 /* Frameworks */ = {
			isa = PBXFrameworksBuildPhase;
			buildActionMask = 2147483647;
			files = (
				AF1C8D827A33D80B096DC22A /* Pods_pruebaCeiba_pruebaCeibaUITests.framework in Frameworks */,
			);
			runOnlyForDeploymentPostprocessing = 0;
		};
/* End PBXFrameworksBuildPhase section */

/* Begin PBXGroup section */
		6B3FEC5E3DE070F46885CAF6 /* Frameworks */ = {
			isa = PBXGroup;
			children = (
				9D0FBEA399EADFE297F10E50 /* Pods_pruebaCeiba.framework */,
				60D51E70DE72A7FBF70C0BC7 /* Pods_pruebaCeiba_pruebaCeibaUITests.framework */,
				C553E960855E5BD9756F2CE4 /* Pods_pruebaCeibaTests.framework */,
			);
			name = Frameworks;
			sourceTree = "<group>";
		};
		88AE6CE5254C9FF2003E79A2 /* Router */ = {
			isa = PBXGroup;
			children = (
				88AE6CE6254CA0BA003E79A2 /* UsersRouter.swift */,
			);
			path = Router;
			sourceTree = "<group>";
		};
		88AE6CF4254CA2D7003E79A2 /* Cell */ = {
			isa = PBXGroup;
			children = (
				88AE6CF5254CA2EB003E79A2 /* UsersTableViewCell.swift */,
			);
			path = Cell;
			sourceTree = "<group>";
		};
		88C932E4254C84AC0083AA61 = {
			isa = PBXGroup;
			children = (
				88AE6CBD254C9C29003E79A2 /* User+CoreDataProperties.swift */,
				88AE6CBF254C9C29003E79A2 /* Post+CoreDataProperties.swift */,
				88C932EF254C84AC0083AA61 /* pruebaCeiba */,
				88C93309254C84AD0083AA61 /* pruebaCeibaTests */,
				88C93314254C84AD0083AA61 /* pruebaCeibaUITests */,
				88C932EE254C84AC0083AA61 /* Products */,
				B2566BA77517FA893B303723 /* Pods */,
				6B3FEC5E3DE070F46885CAF6 /* Frameworks */,
			);
			sourceTree = "<group>";
		};
		88C932EE254C84AC0083AA61 /* Products */ = {
			isa = PBXGroup;
			children = (
				88C932ED254C84AC0083AA61 /* pruebaCeiba.app */,
				88C93306254C84AD0083AA61 /* pruebaCeibaTests.xctest */,
				88C93311254C84AD0083AA61 /* pruebaCeibaUITests.xctest */,
			);
			name = Products;
			sourceTree = "<group>";
		};
		88C932EF254C84AC0083AA61 /* pruebaCeiba */ = {
			isa = PBXGroup;
			children = (
				88C9333F254C8B660083AA61 /* Modules */,
				88C93329254C87D10083AA61 /* Commons */,
				88C932F0254C84AC0083AA61 /* AppDelegate.swift */,
				88C932FC254C84AD0083AA61 /* Assets.xcassets */,
				88C932FE254C84AD0083AA61 /* LaunchScreen.storyboard */,
				88C93301254C84AD0083AA61 /* Info.plist */,
				88C932F9254C84AC0083AA61 /* pruebaCeiba.xcdatamodeld */,
			);
			path = pruebaCeiba;
			sourceTree = "<group>";
		};
		88C93309254C84AD0083AA61 /* pruebaCeibaTests */ = {
			isa = PBXGroup;
			children = (
				88C9330A254C84AD0083AA61 /* pruebaCeibaTests.swift */,
				88C9330C254C84AD0083AA61 /* Info.plist */,
			);
			path = pruebaCeibaTests;
			sourceTree = "<group>";
		};
		88C93314254C84AD0083AA61 /* pruebaCeibaUITests */ = {
			isa = PBXGroup;
			children = (
				88C93315254C84AD0083AA61 /* pruebaCeibaUITests.swift */,
				88C93317254C84AD0083AA61 /* Info.plist */,
			);
			path = pruebaCeibaUITests;
			sourceTree = "<group>";
		};
		88C93329254C87D10083AA61 /* Commons */ = {
			isa = PBXGroup;
			children = (
				88E6C64925510C8300A71719 /* Xib */,
				88C93357254C932C0083AA61 /* Api */,
				88C93355254C932C0083AA61 /* CoreData */,
				88C9332A254C87DE0083AA61 /* Extensions */,
			);
			path = Commons;
			sourceTree = "<group>";
		};
		88C9332A254C87DE0083AA61 /* Extensions */ = {
			isa = PBXGroup;
			children = (
				88C9332B254C87F10083AA61 /* UIViewController.swift */,
			);
			path = Extensions;
			sourceTree = "<group>";
		};
		88C9333F254C8B660083AA61 /* Modules */ = {
			isa = PBXGroup;
			children = (
				88E6C63125510A1A00A71719 /* Posts */,
				88C93340254C8B9F0083AA61 /* Users */,
			);
			path = Modules;
			sourceTree = "<group>";
		};
		88C93340254C8B9F0083AA61 /* Users */ = {
			isa = PBXGroup;
			children = (
				88AE6CE5254C9FF2003E79A2 /* Router */,
				88C9334C254C91920083AA61 /* ViewModel */,
				88C93341254C8BA70083AA61 /* View */,
			);
			path = Users;
			sourceTree = "<group>";
		};
		88C93341254C8BA70083AA61 /* View */ = {
			isa = PBXGroup;
			children = (
				88AE6CF4254CA2D7003E79A2 /* Cell */,
				88C93342254C8BBF0083AA61 /* Users.storyboard */,
				88C93347254C91680083AA61 /* UsersViewController.swift */,
			);
			path = View;
			sourceTree = "<group>";
		};
		88C9334C254C91920083AA61 /* ViewModel */ = {
			isa = PBXGroup;
			children = (
				88C9334D254C91B40083AA61 /* UsersViewModel.swift */,
			);
			path = ViewModel;
			sourceTree = "<group>";
		};
		88C93355254C932C0083AA61 /* CoreData */ = {
			isa = PBXGroup;
			children = (
				88C93356254C932C0083AA61 /* CoreDataManager.swift */,
			);
			path = CoreData;
			sourceTree = "<group>";
		};
		88C93357254C932C0083AA61 /* Api */ = {
			isa = PBXGroup;
			children = (
				88C93358254C932C0083AA61 /* Services.swift */,
				88C93359254C932C0083AA61 /* endpoints */,
				88C9335B254C932C0083AA61 /* Modelos */,
			);
			path = Api;
			sourceTree = "<group>";
		};
		88C93359254C932C0083AA61 /* endpoints */ = {
			isa = PBXGroup;
			children = (
				88C9335A254C932C0083AA61 /* EndPoints.swift */,
			);
			path = endpoints;
			sourceTree = "<group>";
		};
		88C9335B254C932C0083AA61 /* Modelos */ = {
			isa = PBXGroup;
			children = (
				88C9335C254C932C0083AA61 /* PostModel.swift */,
				88E6C62C2550F3EC00A71719 /* UserModel.swift */,
			);
			path = Modelos;
			sourceTree = "<group>";
		};
		88E6C63125510A1A00A71719 /* Posts */ = {
			isa = PBXGroup;
			children = (
				88E6C63225510A1A00A71719 /* ViewModel */,
				88E6C63425510A1A00A71719 /* View */,
				88E6C63725510A1A00A71719 /* Router */,
			);
			path = Posts;
			sourceTree = "<group>";
		};
		88E6C63225510A1A00A71719 /* ViewModel */ = {
			isa = PBXGroup;
			children = (
				88E6C63325510A1A00A71719 /* PostViewModel.swift */,
			);
			path = ViewModel;
			sourceTree = "<group>";
		};
		88E6C63425510A1A00A71719 /* View */ = {
			isa = PBXGroup;
			children = (
				88E6C63525510A1A00A71719 /* Post.storyboard */,
				88E6C63625510A1A00A71719 /* PostViewController.swift */,
			);
			path = View;
			sourceTree = "<group>";
		};
		88E6C63725510A1A00A71719 /* Router */ = {
			isa = PBXGroup;
			children = (
				88E6C63825510A1A00A71719 /* PostRouter.swift */,
			);
			path = Router;
			sourceTree = "<group>";
		};
		88E6C64925510C8300A71719 /* Xib */ = {
			isa = PBXGroup;
			children = (
				88E6C64A25510C8300A71719 /* Cells */,
			);
			path = Xib;
			sourceTree = "<group>";
		};
		88E6C64A25510C8300A71719 /* Cells */ = {
			isa = PBXGroup;
			children = (
				88E6C64B25510C8300A71719 /* CellPost */,
			);
			path = Cells;
			sourceTree = "<group>";
		};
		88E6C64B25510C8300A71719 /* CellPost */ = {
			isa = PBXGroup;
			children = (
				88E6C64C25510C8300A71719 /* PostCollectionViewCell.swift */,
				88E6C64D25510C8300A71719 /* PostCollectionViewCell.xib */,
			);
			path = CellPost;
			sourceTree = "<group>";
		};
		B2566BA77517FA893B303723 /* Pods */ = {
			isa = PBXGroup;
			children = (
				5E02101EC541BB156ADD7F21 /* Pods-pruebaCeiba.debug.xcconfig */,
				EB70EE6B9C5BF066DFBDF698 /* Pods-pruebaCeiba.release.xcconfig */,
				B826FDEDD7E7163C69499863 /* Pods-pruebaCeiba-pruebaCeibaUITests.debug.xcconfig */,
				43D0675F349E3526BD1F6C8F /* Pods-pruebaCeiba-pruebaCeibaUITests.release.xcconfig */,
				5A25BCB98333A212EB32EE74 /* Pods-pruebaCeibaTests.debug.xcconfig */,
				149401A484A773B8ED7A8858 /* Pods-pruebaCeibaTests.release.xcconfig */,
			);
			path = Pods;
			sourceTree = "<group>";
		};
/* End PBXGroup section */

/* Begin PBXNativeTarget section */
		88C932EC254C84AC0083AA61 /* pruebaCeiba */ = {
			isa = PBXNativeTarget;
			buildConfigurationList = 88C9331A254C84AD0083AA61 /* Build configuration list for PBXNativeTarget "pruebaCeiba" */;
			buildPhases = (
				E9FB84EEE280731913387008 /* [CP] Check Pods Manifest.lock */,
				88C932E9254C84AC0083AA61 /* Sources */,
				88C932EA254C84AC0083AA61 /* Frameworks */,
				88C932EB254C84AC0083AA61 /* Resources */,
				1859FCA2C7DCBE30CEFDCBAE /* [CP] Embed Pods Frameworks */,
			);
			buildRules = (
			);
			dependencies = (
			);
			name = pruebaCeiba;
			productName = pruebaCeiba;
			productReference = 88C932ED254C84AC0083AA61 /* pruebaCeiba.app */;
			productType = "com.apple.product-type.application";
		};
		88C93305254C84AD0083AA61 /* pruebaCeibaTests */ = {
			isa = PBXNativeTarget;
			buildConfigurationList = 88C9331D254C84AD0083AA61 /* Build configuration list for PBXNativeTarget "pruebaCeibaTests" */;
			buildPhases = (
				389753199FA2ABE80F009225 /* [CP] Check Pods Manifest.lock */,
				88C93302254C84AD0083AA61 /* Sources */,
				88C93303254C84AD0083AA61 /* Frameworks */,
				88C93304254C84AD0083AA61 /* Resources */,
			);
			buildRules = (
			);
			dependencies = (
				88C93308254C84AD0083AA61 /* PBXTargetDependency */,
			);
			name = pruebaCeibaTests;
			productName = pruebaCeibaTests;
			productReference = 88C93306254C84AD0083AA61 /* pruebaCeibaTests.xctest */;
			productType = "com.apple.product-type.bundle.unit-test";
		};
		88C93310254C84AD0083AA61 /* pruebaCeibaUITests */ = {
			isa = PBXNativeTarget;
			buildConfigurationList = 88C93320254C84AD0083AA61 /* Build configuration list for PBXNativeTarget "pruebaCeibaUITests" */;
			buildPhases = (
				BFCFBC2BBC267A0563BC7BAB /* [CP] Check Pods Manifest.lock */,
				88C9330D254C84AD0083AA61 /* Sources */,
				88C9330E254C84AD0083AA61 /* Frameworks */,
				88C9330F254C84AD0083AA61 /* Resources */,
				CFEB785A4E17D336B380D847 /* [CP] Embed Pods Frameworks */,
			);
			buildRules = (
			);
			dependencies = (
				88C93313254C84AD0083AA61 /* PBXTargetDependency */,
			);
			name = pruebaCeibaUITests;
			productName = pruebaCeibaUITests;
			productReference = 88C93311254C84AD0083AA61 /* pruebaCeibaUITests.xctest */;
			productType = "com.apple.product-type.bundle.ui-testing";
		};
/* End PBXNativeTarget section */

/* Begin PBXProject section */
		88C932E5254C84AC0083AA61 /* Project object */ = {
			isa = PBXProject;
			attributes = {
				LastSwiftUpdateCheck = 1210;
				LastUpgradeCheck = 1210;
				TargetAttributes = {
					88C932EC254C84AC0083AA61 = {
						CreatedOnToolsVersion = 12.1;
					};
					88C93305254C84AD0083AA61 = {
						CreatedOnToolsVersion = 12.1;
						TestTargetID = 88C932EC254C84AC0083AA61;
					};
					88C93310254C84AD0083AA61 = {
						CreatedOnToolsVersion = 12.1;
						TestTargetID = 88C932EC254C84AC0083AA61;
					};
				};
			};
			buildConfigurationList = 88C932E8254C84AC0083AA61 /* Build configuration list for PBXProject "pruebaCeiba" */;
			compatibilityVersion = "Xcode 9.3";
			developmentRegion = en;
			hasScannedForEncodings = 0;
			knownRegions = (
				en,
				Base,
			);
			mainGroup = 88C932E4254C84AC0083AA61;
			productRefGroup = 88C932EE254C84AC0083AA61 /* Products */;
			projectDirPath = "";
			projectRoot = "";
			targets = (
				88C932EC254C84AC0083AA61 /* pruebaCeiba */,
				88C93305254C84AD0083AA61 /* pruebaCeibaTests */,
				88C93310254C84AD0083AA61 /* pruebaCeibaUITests */,
			);
		};
/* End PBXProject section */

/* Begin PBXResourcesBuildPhase section */
		88C932EB254C84AC0083AA61 /* Resources */ = {
			isa = PBXResourcesBuildPhase;
			buildActionMask = 2147483647;
			files = (
				88C93300254C84AD0083AA61 /* LaunchScreen.storyboard in Resources */,
				88C93343254C8BBF0083AA61 /* Users.storyboard in Resources */,
				88C932FD254C84AD0083AA61 /* Assets.xcassets in Resources */,
				88E6C63A25510A1A00A71719 /* Post.storyboard in Resources */,
				88E6C64F25510C8300A71719 /* PostCollectionViewCell.xib in Resources */,
			);
			runOnlyForDeploymentPostprocessing = 0;
		};
		88C93304254C84AD0083AA61 /* Resources */ = {
			isa = PBXResourcesBuildPhase;
			buildActionMask = 2147483647;
			files = (
			);
			runOnlyForDeploymentPostprocessing = 0;
		};
		88C9330F254C84AD0083AA61 /* Resources */ = {
			isa = PBXResourcesBuildPhase;
			buildActionMask = 2147483647;
			files = (
			);
			runOnlyForDeploymentPostprocessing = 0;
		};
/* End PBXResourcesBuildPhase section */

/* Begin PBXShellScriptBuildPhase section */
		1859FCA2C7DCBE30CEFDCBAE /* [CP] Embed Pods Frameworks */ = {
			isa = PBXShellScriptBuildPhase;
			buildActionMask = 2147483647;
			files = (
			);
			inputFileListPaths = (
				"${PODS_ROOT}/Target Support Files/Pods-pruebaCeiba/Pods-pruebaCeiba-frameworks-${CONFIGURATION}-input-files.xcfilelist",
			);
			name = "[CP] Embed Pods Frameworks";
			outputFileListPaths = (
				"${PODS_ROOT}/Target Support Files/Pods-pruebaCeiba/Pods-pruebaCeiba-frameworks-${CONFIGURATION}-output-files.xcfilelist",
			);
			runOnlyForDeploymentPostprocessing = 0;
			shellPath = /bin/sh;
			shellScript = "\"${PODS_ROOT}/Target Support Files/Pods-pruebaCeiba/Pods-pruebaCeiba-frameworks.sh\"\n";
			showEnvVarsInLog = 0;
		};
		389753199FA2ABE80F009225 /* [CP] Check Pods Manifest.lock */ = {
			isa = PBXShellScriptBuildPhase;
			buildActionMask = 2147483647;
			files = (
			);
			inputFileListPaths = (
			);
			inputPaths = (
				"${PODS_PODFILE_DIR_PATH}/Podfile.lock",
				"${PODS_ROOT}/Manifest.lock",
			);
			name = "[CP] Check Pods Manifest.lock";
			outputFileListPaths = (
			);
			outputPaths = (
				"$(DERIVED_FILE_DIR)/Pods-pruebaCeibaTests-checkManifestLockResult.txt",
			);
			runOnlyForDeploymentPostprocessing = 0;
			shellPath = /bin/sh;
			shellScript = "diff \"${PODS_PODFILE_DIR_PATH}/Podfile.lock\" \"${PODS_ROOT}/Manifest.lock\" > /dev/null\nif [ $? != 0 ] ; then\n    # print error to STDERR\n    echo \"error: The sandbox is not in sync with the Podfile.lock. Run 'pod install' or update your CocoaPods installation.\" >&2\n    exit 1\nfi\n# This output is used by Xcode 'outputs' to avoid re-running this script phase.\necho \"SUCCESS\" > \"${SCRIPT_OUTPUT_FILE_0}\"\n";
			showEnvVarsInLog = 0;
		};
		BFCFBC2BBC267A0563BC7BAB /* [CP] Check Pods Manifest.lock */ = {
			isa = PBXShellScriptBuildPhase;
			buildActionMask = 2147483647;
			files = (
			);
			inputFileListPaths = (
			);
			inputPaths = (
				"${PODS_PODFILE_DIR_PATH}/Podfile.lock",
				"${PODS_ROOT}/Manifest.lock",
			);
			name = "[CP] Check Pods Manifest.lock";
			outputFileListPaths = (
			);
			outputPaths = (
				"$(DERIVED_FILE_DIR)/Pods-pruebaCeiba-pruebaCeibaUITests-checkManifestLockResult.txt",
			);
			runOnlyForDeploymentPostprocessing = 0;
			shellPath = /bin/sh;
			shellScript = "diff \"${PODS_PODFILE_DIR_PATH}/Podfile.lock\" \"${PODS_ROOT}/Manifest.lock\" > /dev/null\nif [ $? != 0 ] ; then\n    # print error to STDERR\n    echo \"error: The sandbox is not in sync with the Podfile.lock. Run 'pod install' or update your CocoaPods installation.\" >&2\n    exit 1\nfi\n# This output is used by Xcode 'outputs' to avoid re-running this script phase.\necho \"SUCCESS\" > \"${SCRIPT_OUTPUT_FILE_0}\"\n";
			showEnvVarsInLog = 0;
		};
		CFEB785A4E17D336B380D847 /* [CP] Embed Pods Frameworks */ = {
			isa = PBXShellScriptBuildPhase;
			buildActionMask = 2147483647;
			files = (
			);
			inputFileListPaths = (
				"${PODS_ROOT}/Target Support Files/Pods-pruebaCeiba-pruebaCeibaUITests/Pods-pruebaCeiba-pruebaCeibaUITests-frameworks-${CONFIGURATION}-input-files.xcfilelist",
			);
			name = "[CP] Embed Pods Frameworks";
			outputFileListPaths = (
				"${PODS_ROOT}/Target Support Files/Pods-pruebaCeiba-pruebaCeibaUITests/Pods-pruebaCeiba-pruebaCeibaUITests-frameworks-${CONFIGURATION}-output-files.xcfilelist",
			);
			runOnlyForDeploymentPostprocessing = 0;
			shellPath = /bin/sh;
			shellScript = "\"${PODS_ROOT}/Target Support Files/Pods-pruebaCeiba-pruebaCeibaUITests/Pods-pruebaCeiba-pruebaCeibaUITests-frameworks.sh\"\n";
			showEnvVarsInLog = 0;
		};
		E9FB84EEE280731913387008 /* [CP] Check Pods Manifest.lock */ = {
			isa = PBXShellScriptBuildPhase;
			buildActionMask = 2147483647;
			files = (
			);
			inputFileListPaths = (
			);
			inputPaths = (
				"${PODS_PODFILE_DIR_PATH}/Podfile.lock",
				"${PODS_ROOT}/Manifest.lock",
			);
			name = "[CP] Check Pods Manifest.lock";
			outputFileListPaths = (
			);
			outputPaths = (
				"$(DERIVED_FILE_DIR)/Pods-pruebaCeiba-checkManifestLockResult.txt",
			);
			runOnlyForDeploymentPostprocessing = 0;
			shellPath = /bin/sh;
			shellScript = "diff \"${PODS_PODFILE_DIR_PATH}/Podfile.lock\" \"${PODS_ROOT}/Manifest.lock\" > /dev/null\nif [ $? != 0 ] ; then\n    # print error to STDERR\n    echo \"error: The sandbox is not in sync with the Podfile.lock. Run 'pod install' or update your CocoaPods installation.\" >&2\n    exit 1\nfi\n# This output is used by Xcode 'outputs' to avoid re-running this script phase.\necho \"SUCCESS\" > \"${SCRIPT_OUTPUT_FILE_0}\"\n";
			showEnvVarsInLog = 0;
		};
/* End PBXShellScriptBuildPhase section */

/* Begin PBXSourcesBuildPhase section */
		88C932E9254C84AC0083AA61 /* Sources */ = {
			isa = PBXSourcesBuildPhase;
			buildActionMask = 2147483647;
			files = (
				88AE6CAC254C9BDE003E79A2 /* pruebaCeiba.xcdatamodeld in Sources */,
				88AE6CE7254CA0BA003E79A2 /* UsersRouter.swift in Sources */,
				88C9334E254C91B40083AA61 /* UsersViewModel.swift in Sources */,
				88C93348254C91680083AA61 /* UsersViewController.swift in Sources */,
				88E6C64E25510C8300A71719 /* PostCollectionViewCell.swift in Sources */,
				88E6C63C25510A1A00A71719 /* PostRouter.swift in Sources */,
				88C932F1254C84AC0083AA61 /* AppDelegate.swift in Sources */,
				88E6C63B25510A1A00A71719 /* PostViewController.swift in Sources */,
				88C9335F254C932C0083AA61 /* EndPoints.swift in Sources */,
				88C9335D254C932C0083AA61 /* CoreDataManager.swift in Sources */,
				88C9335E254C932C0083AA61 /* Services.swift in Sources */,
				88E6C63925510A1A00A71719 /* PostViewModel.swift in Sources */,
				88C9332C254C87F10083AA61 /* UIViewController.swift in Sources */,
				88C93360254C932C0083AA61 /* PostModel.swift in Sources */,
				88E6C62D2550F3EC00A71719 /* UserModel.swift in Sources */,
				88AE6CF6254CA2EB003E79A2 /* UsersTableViewCell.swift in Sources */,
			);
			runOnlyForDeploymentPostprocessing = 0;
		};
		88C93302254C84AD0083AA61 /* Sources */ = {
			isa = PBXSourcesBuildPhase;
			buildActionMask = 2147483647;
			files = (
				88C9330B254C84AD0083AA61 /* pruebaCeibaTests.swift in Sources */,
			);
			runOnlyForDeploymentPostprocessing = 0;
		};
		88C9330D254C84AD0083AA61 /* Sources */ = {
			isa = PBXSourcesBuildPhase;
			buildActionMask = 2147483647;
			files = (
				88C93316254C84AD0083AA61 /* pruebaCeibaUITests.swift in Sources */,
			);
			runOnlyForDeploymentPostprocessing = 0;
		};
/* End PBXSourcesBuildPhase section */

/* Begin PBXTargetDependency section */
		88C93308254C84AD0083AA61 /* PBXTargetDependency */ = {
			isa = PBXTargetDependency;
			target = 88C932EC254C84AC0083AA61 /* pruebaCeiba */;
			targetProxy = 88C93307254C84AD0083AA61 /* PBXContainerItemProxy */;
		};
		88C93313254C84AD0083AA61 /* PBXTargetDependency */ = {
			isa = PBXTargetDependency;
			target = 88C932EC254C84AC0083AA61 /* pruebaCeiba */;
			targetProxy = 88C93312254C84AD0083AA61 /* PBXContainerItemProxy */;
		};
/* End PBXTargetDependency section */

/* Begin PBXVariantGroup section */
		88C932FE254C84AD0083AA61 /* LaunchScreen.storyboard */ = {
			isa = PBXVariantGroup;
			children = (
				88C932FF254C84AD0083AA61 /* Base */,
			);
			name = LaunchScreen.storyboard;
			sourceTree = "<group>";
		};
/* End PBXVariantGroup section */

/* Begin XCBuildConfiguration section */
		88C93318254C84AD0083AA61 /* Debug */ = {
			isa = XCBuildConfiguration;
			buildSettings = {
				ALWAYS_SEARCH_USER_PATHS = NO;
				CLANG_ANALYZER_NONNULL = YES;
				CLANG_ANALYZER_NUMBER_OBJECT_CONVERSION = YES_AGGRESSIVE;
				CLANG_CXX_LANGUAGE_STANDARD = "gnu++14";
				CLANG_CXX_LIBRARY = "libc++";
				CLANG_ENABLE_MODULES = YES;
				CLANG_ENABLE_OBJC_ARC = YES;
				CLANG_ENABLE_OBJC_WEAK = YES;
				CLANG_WARN_BLOCK_CAPTURE_AUTORELEASING = YES;
				CLANG_WARN_BOOL_CONVERSION = YES;
				CLANG_WARN_COMMA = YES;
				CLANG_WARN_CONSTANT_CONVERSION = YES;
				CLANG_WARN_DEPRECATED_OBJC_IMPLEMENTATIONS = YES;
				CLANG_WARN_DIRECT_OBJC_ISA_USAGE = YES_ERROR;
				CLANG_WARN_DOCUMENTATION_COMMENTS = YES;
				CLANG_WARN_EMPTY_BODY = YES;
				CLANG_WARN_ENUM_CONVERSION = YES;
				CLANG_WARN_INFINITE_RECURSION = YES;
				CLANG_WARN_INT_CONVERSION = YES;
				CLANG_WARN_NON_LITERAL_NULL_CONVERSION = YES;
				CLANG_WARN_OBJC_IMPLICIT_RETAIN_SELF = YES;
				CLANG_WARN_OBJC_LITERAL_CONVERSION = YES;
				CLANG_WARN_OBJC_ROOT_CLASS = YES_ERROR;
				CLANG_WARN_QUOTED_INCLUDE_IN_FRAMEWORK_HEADER = YES;
				CLANG_WARN_RANGE_LOOP_ANALYSIS = YES;
				CLANG_WARN_STRICT_PROTOTYPES = YES;
				CLANG_WARN_SUSPICIOUS_MOVE = YES;
				CLANG_WARN_UNGUARDED_AVAILABILITY = YES_AGGRESSIVE;
				CLANG_WARN_UNREACHABLE_CODE = YES;
				CLANG_WARN__DUPLICATE_METHOD_MATCH = YES;
				COPY_PHASE_STRIP = NO;
				DEBUG_INFORMATION_FORMAT = dwarf;
				ENABLE_STRICT_OBJC_MSGSEND = YES;
				ENABLE_TESTABILITY = YES;
				GCC_C_LANGUAGE_STANDARD = gnu11;
				GCC_DYNAMIC_NO_PIC = NO;
				GCC_NO_COMMON_BLOCKS = YES;
				GCC_OPTIMIZATION_LEVEL = 0;
				GCC_PREPROCESSOR_DEFINITIONS = (
					"DEBUG=1",
					"$(inherited)",
				);
				GCC_WARN_64_TO_32_BIT_CONVERSION = YES;
				GCC_WARN_ABOUT_RETURN_TYPE = YES_ERROR;
				GCC_WARN_UNDECLARED_SELECTOR = YES;
				GCC_WARN_UNINITIALIZED_AUTOS = YES_AGGRESSIVE;
				GCC_WARN_UNUSED_FUNCTION = YES;
				GCC_WARN_UNUSED_VARIABLE = YES;
				IPHONEOS_DEPLOYMENT_TARGET = 14.1;
				MTL_ENABLE_DEBUG_INFO = INCLUDE_SOURCE;
				MTL_FAST_MATH = YES;
				ONLY_ACTIVE_ARCH = YES;
				SDKROOT = iphoneos;
				SWIFT_ACTIVE_COMPILATION_CONDITIONS = DEBUG;
				SWIFT_OPTIMIZATION_LEVEL = "-Onone";
			};
			name = Debug;
		};
		88C93319254C84AD0083AA61 /* Release */ = {
			isa = XCBuildConfiguration;
			buildSettings = {
				ALWAYS_SEARCH_USER_PATHS = NO;
				CLANG_ANALYZER_NONNULL = YES;
				CLANG_ANALYZER_NUMBER_OBJECT_CONVERSION = YES_AGGRESSIVE;
				CLANG_CXX_LANGUAGE_STANDARD = "gnu++14";
				CLANG_CXX_LIBRARY = "libc++";
				CLANG_ENABLE_MODULES = YES;
				CLANG_ENABLE_OBJC_ARC = YES;
				CLANG_ENABLE_OBJC_WEAK = YES;
				CLANG_WARN_BLOCK_CAPTURE_AUTORELEASING = YES;
				CLANG_WARN_BOOL_CONVERSION = YES;
				CLANG_WARN_COMMA = YES;
				CLANG_WARN_CONSTANT_CONVERSION = YES;
				CLANG_WARN_DEPRECATED_OBJC_IMPLEMENTATIONS = YES;
				CLANG_WARN_DIRECT_OBJC_ISA_USAGE = YES_ERROR;
				CLANG_WARN_DOCUMENTATION_COMMENTS = YES;
				CLANG_WARN_EMPTY_BODY = YES;
				CLANG_WARN_ENUM_CONVERSION = YES;
				CLANG_WARN_INFINITE_RECURSION = YES;
				CLANG_WARN_INT_CONVERSION = YES;
				CLANG_WARN_NON_LITERAL_NULL_CONVERSION = YES;
				CLANG_WARN_OBJC_IMPLICIT_RETAIN_SELF = YES;
				CLANG_WARN_OBJC_LITERAL_CONVERSION = YES;
				CLANG_WARN_OBJC_ROOT_CLASS = YES_ERROR;
				CLANG_WARN_QUOTED_INCLUDE_IN_FRAMEWORK_HEADER = YES;
				CLANG_WARN_RANGE_LOOP_ANALYSIS = YES;
				CLANG_WARN_STRICT_PROTOTYPES = YES;
				CLANG_WARN_SUSPICIOUS_MOVE = YES;
				CLANG_WARN_UNGUARDED_AVAILABILITY = YES_AGGRESSIVE;
				CLANG_WARN_UNREACHABLE_CODE = YES;
				CLANG_WARN__DUPLICATE_METHOD_MATCH = YES;
				COPY_PHASE_STRIP = NO;
				DEBUG_INFORMATION_FORMAT = "dwarf-with-dsym";
				ENABLE_NS_ASSERTIONS = NO;
				ENABLE_STRICT_OBJC_MSGSEND = YES;
				GCC_C_LANGUAGE_STANDARD = gnu11;
				GCC_NO_COMMON_BLOCKS = YES;
				GCC_WARN_64_TO_32_BIT_CONVERSION = YES;
				GCC_WARN_ABOUT_RETURN_TYPE = YES_ERROR;
				GCC_WARN_UNDECLARED_SELECTOR = YES;
				GCC_WARN_UNINITIALIZED_AUTOS = YES_AGGRESSIVE;
				GCC_WARN_UNUSED_FUNCTION = YES;
				GCC_WARN_UNUSED_VARIABLE = YES;
				IPHONEOS_DEPLOYMENT_TARGET = 14.1;
				MTL_ENABLE_DEBUG_INFO = NO;
				MTL_FAST_MATH = YES;
				SDKROOT = iphoneos;
				SWIFT_COMPILATION_MODE = wholemodule;
				SWIFT_OPTIMIZATION_LEVEL = "-O";
				VALIDATE_PRODUCT = YES;
			};
			name = Release;
		};
		88C9331B254C84AD0083AA61 /* Debug */ = {
			isa = XCBuildConfiguration;
			baseConfigurationReference = 5E02101EC541BB156ADD7F21 /* Pods-pruebaCeiba.debug.xcconfig */;
			buildSettings = {
				ASSETCATALOG_COMPILER_APPICON_NAME = AppIcon;
				ASSETCATALOG_COMPILER_GLOBAL_ACCENT_COLOR_NAME = AccentColor;
				CODE_SIGN_STYLE = Automatic;
				DEVELOPMENT_TEAM = 2NSLR62JX2;
				INFOPLIST_FILE = pruebaCeiba/Info.plist;
				LD_RUNPATH_SEARCH_PATHS = (
					"$(inherited)",
					"@executable_path/Frameworks",
				);
				PRODUCT_BUNDLE_IDENTIFIER = co.EdPinzon.pruebaCeiba;
				PRODUCT_NAME = "$(TARGET_NAME)";
				SWIFT_VERSION = 5.0;
				TARGETED_DEVICE_FAMILY = "1,2";
			};
			name = Debug;
		};
		88C9331C254C84AD0083AA61 /* Release */ = {
			isa = XCBuildConfiguration;
			baseConfigurationReference = EB70EE6B9C5BF066DFBDF698 /* Pods-pruebaCeiba.release.xcconfig */;
			buildSettings = {
				ASSETCATALOG_COMPILER_APPICON_NAME = AppIcon;
				ASSETCATALOG_COMPILER_GLOBAL_ACCENT_COLOR_NAME = AccentColor;
				CODE_SIGN_STYLE = Automatic;
				DEVELOPMENT_TEAM = 2NSLR62JX2;
				INFOPLIST_FILE = pruebaCeiba/Info.plist;
				LD_RUNPATH_SEARCH_PATHS = (
					"$(inherited)",
					"@executable_path/Frameworks",
				);
				PRODUCT_BUNDLE_IDENTIFIER = co.EdPinzon.pruebaCeiba;
				PRODUCT_NAME = "$(TARGET_NAME)";
				SWIFT_VERSION = 5.0;
				TARGETED_DEVICE_FAMILY = "1,2";
			};
			name = Release;
		};
		88C9331E254C84AD0083AA61 /* Debug */ = {
			isa = XCBuildConfiguration;
			baseConfigurationReference = 5A25BCB98333A212EB32EE74 /* Pods-pruebaCeibaTests.debug.xcconfig */;
			buildSettings = {
				ALWAYS_EMBED_SWIFT_STANDARD_LIBRARIES = YES;
				BUNDLE_LOADER = "$(TEST_HOST)";
				CODE_SIGN_STYLE = Automatic;
				DEVELOPMENT_TEAM = 2NSLR62JX2;
				INFOPLIST_FILE = pruebaCeibaTests/Info.plist;
				IPHONEOS_DEPLOYMENT_TARGET = 14.1;
				LD_RUNPATH_SEARCH_PATHS = (
					"$(inherited)",
					"@executable_path/Frameworks",
					"@loader_path/Frameworks",
				);
				PRODUCT_BUNDLE_IDENTIFIER = co.EdPinzon.pruebaCeibaTests;
				PRODUCT_NAME = "$(TARGET_NAME)";
				SWIFT_VERSION = 5.0;
				TARGETED_DEVICE_FAMILY = "1,2";
				TEST_HOST = "$(BUILT_PRODUCTS_DIR)/pruebaCeiba.app/pruebaCeiba";
			};
			name = Debug;
		};
		88C9331F254C84AD0083AA61 /* Release */ = {
			isa = XCBuildConfiguration;
			baseConfigurationReference = 149401A484A773B8ED7A8858 /* Pods-pruebaCeibaTests.release.xcconfig */;
			buildSettings = {
				ALWAYS_EMBED_SWIFT_STANDARD_LIBRARIES = YES;
				BUNDLE_LOADER = "$(TEST_HOST)";
				CODE_SIGN_STYLE = Automatic;
				DEVELOPMENT_TEAM = 2NSLR62JX2;
				INFOPLIST_FILE = pruebaCeibaTests/Info.plist;
				IPHONEOS_DEPLOYMENT_TARGET = 14.1;
				LD_RUNPATH_SEARCH_PATHS = (
					"$(inherited)",
					"@executable_path/Frameworks",
					"@loader_path/Frameworks",
				);
				PRODUCT_BUNDLE_IDENTIFIER = co.EdPinzon.pruebaCeibaTests;
				PRODUCT_NAME = "$(TARGET_NAME)";
				SWIFT_VERSION = 5.0;
				TARGETED_DEVICE_FAMILY = "1,2";
				TEST_HOST = "$(BUILT_PRODUCTS_DIR)/pruebaCeiba.app/pruebaCeiba";
			};
			name = Release;
		};
		88C93321254C84AD0083AA61 /* Debug */ = {
			isa = XCBuildConfiguration;
			baseConfigurationReference = B826FDEDD7E7163C69499863 /* Pods-pruebaCeiba-pruebaCeibaUITests.debug.xcconfig */;
			buildSettings = {
				ALWAYS_EMBED_SWIFT_STANDARD_LIBRARIES = YES;
				CODE_SIGN_STYLE = Automatic;
				DEVELOPMENT_TEAM = 2NSLR62JX2;
				INFOPLIST_FILE = pruebaCeibaUITests/Info.plist;
				LD_RUNPATH_SEARCH_PATHS = (
					"$(inherited)",
					"@executable_path/Frameworks",
					"@loader_path/Frameworks",
				);
				PRODUCT_BUNDLE_IDENTIFIER = co.EdPinzon.pruebaCeibaUITests;
				PRODUCT_NAME = "$(TARGET_NAME)";
				SWIFT_VERSION = 5.0;
				TARGETED_DEVICE_FAMILY = "1,2";
				TEST_TARGET_NAME = pruebaCeiba;
			};
			name = Debug;
		};
		88C93322254C84AD0083AA61 /* Release */ = {
			isa = XCBuildConfiguration;
			baseConfigurationReference = 43D0675F349E3526BD1F6C8F /* Pods-pruebaCeiba-pruebaCeibaUITests.release.xcconfig */;
			buildSettings = {
				ALWAYS_EMBED_SWIFT_STANDARD_LIBRARIES = YES;
				CODE_SIGN_STYLE = Automatic;
				DEVELOPMENT_TEAM = 2NSLR62JX2;
				INFOPLIST_FILE = pruebaCeibaUITests/Info.plist;
				LD_RUNPATH_SEARCH_PATHS = (
					"$(inherited)",
					"@executable_path/Frameworks",
					"@loader_path/Frameworks",
				);
				PRODUCT_BUNDLE_IDENTIFIER = co.EdPinzon.pruebaCeibaUITests;
				PRODUCT_NAME = "$(TARGET_NAME)";
				SWIFT_VERSION = 5.0;
				TARGETED_DEVICE_FAMILY = "1,2";
				TEST_TARGET_NAME = pruebaCeiba;
			};
			name = Release;
		};
/* End XCBuildConfiguration section */

/* Begin XCConfigurationList section */
		88C932E8254C84AC0083AA61 /* Build configuration list for PBXProject "pruebaCeiba" */ = {
			isa = XCConfigurationList;
			buildConfigurations = (
				88C93318254C84AD0083AA61 /* Debug */,
				88C93319254C84AD0083AA61 /* Release */,
			);
			defaultConfigurationIsVisible = 0;
			defaultConfigurationName = Release;
		};
		88C9331A254C84AD0083AA61 /* Build configuration list for PBXNativeTarget "pruebaCeiba" */ = {
			isa = XCConfigurationList;
			buildConfigurations = (
				88C9331B254C84AD0083AA61 /* Debug */,
				88C9331C254C84AD0083AA61 /* Release */,
			);
			defaultConfigurationIsVisible = 0;
			defaultConfigurationName = Release;
		};
		88C9331D254C84AD0083AA61 /* Build configuration list for PBXNativeTarget "pruebaCeibaTests" */ = {
			isa = XCConfigurationList;
			buildConfigurations = (
				88C9331E254C84AD0083AA61 /* Debug */,
				88C9331F254C84AD0083AA61 /* Release */,
			);
			defaultConfigurationIsVisible = 0;
			defaultConfigurationName = Release;
		};
		88C93320254C84AD0083AA61 /* Build configuration list for PBXNativeTarget "pruebaCeibaUITests" */ = {
			isa = XCConfigurationList;
			buildConfigurations = (
				88C93321254C84AD0083AA61 /* Debug */,
				88C93322254C84AD0083AA61 /* Release */,
			);
			defaultConfigurationIsVisible = 0;
			defaultConfigurationName = Release;
		};
/* End XCConfigurationList section */

/* Begin XCVersionGroup section */
		88C932F9254C84AC0083AA61 /* pruebaCeiba.xcdatamodeld */ = {
			isa = XCVersionGroup;
			children = (
				88C932FA254C84AC0083AA61 /* pruebaCeiba.xcdatamodel */,
			);
			currentVersion = 88C932FA254C84AC0083AA61 /* pruebaCeiba.xcdatamodel */;
			path = pruebaCeiba.xcdatamodeld;
			sourceTree = "<group>";
			versionGroupType = wrapper.xcdatamodel;
		};
/* End XCVersionGroup section */
	};
	rootObject = 88C932E5254C84AC0083AA61 /* Project object */;
}
